
Microsoft Visual Studio Solution File, Format Version 12.00
# Visual Studio Version 16
VisualStudioVersion = 16.0.31613.86
MinimumVisualStudioVersion = 10.0.40219.1
Project("{FAE04EC0-301F-11D3-BF4B-00C04F79EFBC}") = "ASCE7_10Library", "ASCE7_10Library.csproj", "{4A740222-AD9D-47E5-97EE-5E67ADCFD70C}"
EndProject
Project("{FAE04EC0-301F-11D3-BF4B-00C04F79EFBC}") = "ASCE7_10ConsoleDriver", "ASCE7_10ConsoleDriver\ASCE7_10ConsoleDriver.csproj", "{A3AFA911-77C5-424F-BF34-9CBF15F058D7}"
EndProject
Global
	GlobalSection(SolutionConfigurationPlatforms) = preSolution
		Debug|Any CPU = Debug|Any CPU
		Release|Any CPU = Release|Any CPU
	EndGlobalSection
	GlobalSection(ProjectConfigurationPlatforms) = postSolution
		{4A740222-AD9D-47E5-97EE-5E67ADCFD70C}.Debug|Any CPU.ActiveCfg = Debug|Any CPU
		{4A740222-AD9D-47E5-97EE-5E67ADCFD70C}.Debug|Any CPU.Build.0 = Debug|Any CPU
		{4A740222-AD9D-47E5-97EE-5E67ADCFD70C}.Release|Any CPU.ActiveCfg = Release|Any CPU
		{4A740222-AD9D-47E5-97EE-5E67ADCFD70C}.Release|Any CPU.Build.0 = Release|Any CPU
		{A3AFA911-77C5-424F-BF34-9CBF15F058D7}.Debug|Any CPU.ActiveCfg = Debug|Any CPU
		{A3AFA911-77C5-424F-BF34-9CBF15F058D7}.Debug|Any CPU.Build.0 = Debug|Any CPU
		{A3AFA911-77C5-424F-BF34-9CBF15F058D7}.Release|Any CPU.ActiveCfg = Release|Any CPU
		{A3AFA911-77C5-424F-BF34-9CBF15F058D7}.Release|Any CPU.Build.0 = Release|Any CPU
	EndGlobalSection
	GlobalSection(SolutionProperties) = preSolution
		HideSolutionNode = FALSE
	EndGlobalSection
	GlobalSection(ExtensibilityGlobals) = postSolution
		SolutionGuid = {ED901471-A4B5-41A0-82B4-2846A266775D}
	EndGlobalSection
EndGlobal
